
Microsoft Visual Studio Solution File, Format Version 12.00
# Visual Studio Version 17
VisualStudioVersion = 17.0.31903.59
MinimumVisualStudioVersion = 10.0.40219.1
Project("{FAE04EC0-301F-11D3-BF4B-00C04F79EFBC}") = "CleanArch-Products.Application", "CleanArch-Products.Application\CleanArch-Products.Application.csproj", "{6FD57616-5C8E-4728-8A1B-B021FECA2AC4}"
EndProject
Project("{FAE04EC0-301F-11D3-BF4B-00C04F79EFBC}") = "CleanArch-Products.Domain", "CleanArch-Products.Domain\CleanArch-Products.Domain.csproj", "{47E37325-0D75-4B7D-94E4-5B2766731F5C}"
EndProject
Project("{FAE04EC0-301F-11D3-BF4B-00C04F79EFBC}") = "CleanArch-Products.Infra.Data", "CleanArch-Products.Infra.Data\CleanArch-Products.Infra.Data.csproj", "{A0768F0D-618A-4E9E-9817-6D378F576213}"
EndProject
Project("{FAE04EC0-301F-11D3-BF4B-00C04F79EFBC}") = "CleanArch-Products.Infra.IoC", "CleanArch-Products.Infra.IoC\CleanArch-Products.Infra.IoC.csproj", "{6103DA4C-1549-46C6-BA76-DFE5F5A3347F}"
EndProject
Project("{FAE04EC0-301F-11D3-BF4B-00C04F79EFBC}") = "CleanArch-Products.WebUI", "CleanArch-Products.WebUI\CleanArch-Products.WebUI.csproj", "{7AB30B06-E4F2-4619-B660-913E51B9D67E}"
EndProject
Project("{FAE04EC0-301F-11D3-BF4B-00C04F79EFBC}") = "CleanArch-Products.Domain.Tests", "CleanArch-Products.Domain.Tests\CleanArch-Products.Domain.Tests.csproj", "{AB8533D8-37FE-41CA-8B27-9EFE6562D2E5}"
EndProject
Project("{FAE04EC0-301F-11D3-BF4B-00C04F79EFBC}") = "CleanArch-Products.WebAPI", "CleanArch-Products.WebAPI\CleanArch-Products.WebAPI.csproj", "{A5DD7AEB-6610-4D20-B98A-DB0472BCBF94}"
EndProject
Project("{FAE04EC0-301F-11D3-BF4B-00C04F79EFBC}") = "CleanArch-Products.Infra.Utils", "CleanArch-Products.Infra.Utils\CleanArch-Products.Infra.Utils.csproj", "{E2FDF871-AA97-4F5A-98D5-35BAEAA27B71}"
EndProject
Global
	GlobalSection(SolutionConfigurationPlatforms) = preSolution
		Debug|Any CPU = Debug|Any CPU
		Debug|x64 = Debug|x64
		Debug|x86 = Debug|x86
		Release|Any CPU = Release|Any CPU
		Release|x64 = Release|x64
		Release|x86 = Release|x86
	EndGlobalSection
	GlobalSection(ProjectConfigurationPlatforms) = postSolution
		{6FD57616-5C8E-4728-8A1B-B021FECA2AC4}.Debug|Any CPU.ActiveCfg = Debug|Any CPU
		{6FD57616-5C8E-4728-8A1B-B021FECA2AC4}.Debug|Any CPU.Build.0 = Debug|Any CPU
		{6FD57616-5C8E-4728-8A1B-B021FECA2AC4}.Debug|x64.ActiveCfg = Debug|Any CPU
		{6FD57616-5C8E-4728-8A1B-B021FECA2AC4}.Debug|x64.Build.0 = Debug|Any CPU
		{6FD57616-5C8E-4728-8A1B-B021FECA2AC4}.Debug|x86.ActiveCfg = Debug|Any CPU
		{6FD57616-5C8E-4728-8A1B-B021FECA2AC4}.Debug|x86.Build.0 = Debug|Any CPU
		{6FD57616-5C8E-4728-8A1B-B021FECA2AC4}.Release|Any CPU.ActiveCfg = Release|Any CPU
		{6FD57616-5C8E-4728-8A1B-B021FECA2AC4}.Release|Any CPU.Build.0 = Release|Any CPU
		{6FD57616-5C8E-4728-8A1B-B021FECA2AC4}.Release|x64.ActiveCfg = Release|Any CPU
		{6FD57616-5C8E-4728-8A1B-B021FECA2AC4}.Release|x64.Build.0 = Release|Any CPU
		{6FD57616-5C8E-4728-8A1B-B021FECA2AC4}.Release|x86.ActiveCfg = Release|Any CPU
		{6FD57616-5C8E-4728-8A1B-B021FECA2AC4}.Release|x86.Build.0 = Release|Any CPU
		{47E37325-0D75-4B7D-94E4-5B2766731F5C}.Debug|Any CPU.ActiveCfg = Debug|Any CPU
		{47E37325-0D75-4B7D-94E4-5B2766731F5C}.Debug|Any CPU.Build.0 = Debug|Any CPU
		{47E37325-0D75-4B7D-94E4-5B2766731F5C}.Debug|x64.ActiveCfg = Debug|Any CPU
		{47E37325-0D75-4B7D-94E4-5B2766731F5C}.Debug|x64.Build.0 = Debug|Any CPU
		{47E37325-0D75-4B7D-94E4-5B2766731F5C}.Debug|x86.ActiveCfg = Debug|Any CPU
		{47E37325-0D75-4B7D-94E4-5B2766731F5C}.Debug|x86.Build.0 = Debug|Any CPU
		{47E37325-0D75-4B7D-94E4-5B2766731F5C}.Release|Any CPU.ActiveCfg = Release|Any CPU
		{47E37325-0D75-4B7D-94E4-5B2766731F5C}.Release|Any CPU.Build.0 = Release|Any CPU
		{47E37325-0D75-4B7D-94E4-5B2766731F5C}.Release|x64.ActiveCfg = Release|Any CPU
		{47E37325-0D75-4B7D-94E4-5B2766731F5C}.Release|x64.Build.0 = Release|Any CPU
		{47E37325-0D75-4B7D-94E4-5B2766731F5C}.Release|x86.ActiveCfg = Release|Any CPU
		{47E37325-0D75-4B7D-94E4-5B2766731F5C}.Release|x86.Build.0 = Release|Any CPU
		{A0768F0D-618A-4E9E-9817-6D378F576213}.Debug|Any CPU.ActiveCfg = Debug|Any CPU
		{A0768F0D-618A-4E9E-9817-6D378F576213}.Debug|Any CPU.Build.0 = Debug|Any CPU
		{A0768F0D-618A-4E9E-9817-6D378F576213}.Debug|x64.ActiveCfg = Debug|Any CPU
		{A0768F0D-618A-4E9E-9817-6D378F576213}.Debug|x64.Build.0 = Debug|Any CPU
		{A0768F0D-618A-4E9E-9817-6D378F576213}.Debug|x86.ActiveCfg = Debug|Any CPU
		{A0768F0D-618A-4E9E-9817-6D378F576213}.Debug|x86.Build.0 = Debug|Any CPU
		{A0768F0D-618A-4E9E-9817-6D378F576213}.Release|Any CPU.ActiveCfg = Release|Any CPU
		{A0768F0D-618A-4E9E-9817-6D378F576213}.Release|Any CPU.Build.0 = Release|Any CPU
		{A0768F0D-618A-4E9E-9817-6D378F576213}.Release|x64.ActiveCfg = Release|Any CPU
		{A0768F0D-618A-4E9E-9817-6D378F576213}.Release|x64.Build.0 = Release|Any CPU
		{A0768F0D-618A-4E9E-9817-6D378F576213}.Release|x86.ActiveCfg = Release|Any CPU
		{A0768F0D-618A-4E9E-9817-6D378F576213}.Release|x86.Build.0 = Release|Any CPU
		{6103DA4C-1549-46C6-BA76-DFE5F5A3347F}.Debug|Any CPU.ActiveCfg = Debug|Any CPU
		{6103DA4C-1549-46C6-BA76-DFE5F5A3347F}.Debug|Any CPU.Build.0 = Debug|Any CPU
		{6103DA4C-1549-46C6-BA76-DFE5F5A3347F}.Debug|x64.ActiveCfg = Debug|Any CPU
		{6103DA4C-1549-46C6-BA76-DFE5F5A3347F}.Debug|x64.Build.0 = Debug|Any CPU
		{6103DA4C-1549-46C6-BA76-DFE5F5A3347F}.Debug|x86.ActiveCfg = Debug|Any CPU
		{6103DA4C-1549-46C6-BA76-DFE5F5A3347F}.Debug|x86.Build.0 = Debug|Any CPU
		{6103DA4C-1549-46C6-BA76-DFE5F5A3347F}.Release|Any CPU.ActiveCfg = Release|Any CPU
		{6103DA4C-1549-46C6-BA76-DFE5F5A3347F}.Release|Any CPU.Build.0 = Release|Any CPU
		{6103DA4C-1549-46C6-BA76-DFE5F5A3347F}.Release|x64.ActiveCfg = Release|Any CPU
		{6103DA4C-1549-46C6-BA76-DFE5F5A3347F}.Release|x64.Build.0 = Release|Any CPU
		{6103DA4C-1549-46C6-BA76-DFE5F5A3347F}.Release|x86.ActiveCfg = Release|Any CPU
		{6103DA4C-1549-46C6-BA76-DFE5F5A3347F}.Release|x86.Build.0 = Release|Any CPU
		{7AB30B06-E4F2-4619-B660-913E51B9D67E}.Debug|Any CPU.ActiveCfg = Debug|Any CPU
		{7AB30B06-E4F2-4619-B660-913E51B9D67E}.Debug|Any CPU.Build.0 = Debug|Any CPU
		{7AB30B06-E4F2-4619-B660-913E51B9D67E}.Debug|x64.ActiveCfg = Debug|Any CPU
		{7AB30B06-E4F2-4619-B660-913E51B9D67E}.Debug|x64.Build.0 = Debug|Any CPU
		{7AB30B06-E4F2-4619-B660-913E51B9D67E}.Debug|x86.ActiveCfg = Debug|Any CPU
		{7AB30B06-E4F2-4619-B660-913E51B9D67E}.Debug|x86.Build.0 = Debug|Any CPU
		{7AB30B06-E4F2-4619-B660-913E51B9D67E}.Release|Any CPU.ActiveCfg = Release|Any CPU
		{7AB30B06-E4F2-4619-B660-913E51B9D67E}.Release|Any CPU.Build.0 = Release|Any CPU
		{7AB30B06-E4F2-4619-B660-913E51B9D67E}.Release|x64.ActiveCfg = Release|Any CPU
		{7AB30B06-E4F2-4619-B660-913E51B9D67E}.Release|x64.Build.0 = Release|Any CPU
		{7AB30B06-E4F2-4619-B660-913E51B9D67E}.Release|x86.ActiveCfg = Release|Any CPU
		{7AB30B06-E4F2-4619-B660-913E51B9D67E}.Release|x86.Build.0 = Release|Any CPU
		{AB8533D8-37FE-41CA-8B27-9EFE6562D2E5}.Debug|Any CPU.ActiveCfg = Debug|Any CPU
		{AB8533D8-37FE-41CA-8B27-9EFE6562D2E5}.Debug|Any CPU.Build.0 = Debug|Any CPU
		{AB8533D8-37FE-41CA-8B27-9EFE6562D2E5}.Debug|x64.ActiveCfg = Debug|Any CPU
		{AB8533D8-37FE-41CA-8B27-9EFE6562D2E5}.Debug|x64.Build.0 = Debug|Any CPU
		{AB8533D8-37FE-41CA-8B27-9EFE6562D2E5}.Debug|x86.ActiveCfg = Debug|Any CPU
		{AB8533D8-37FE-41CA-8B27-9EFE6562D2E5}.Debug|x86.Build.0 = Debug|Any CPU
		{AB8533D8-37FE-41CA-8B27-9EFE6562D2E5}.Release|Any CPU.ActiveCfg = Release|Any CPU
		{AB8533D8-37FE-41CA-8B27-9EFE6562D2E5}.Release|Any CPU.Build.0 = Release|Any CPU
		{AB8533D8-37FE-41CA-8B27-9EFE6562D2E5}.Release|x64.ActiveCfg = Release|Any CPU
		{AB8533D8-37FE-41CA-8B27-9EFE6562D2E5}.Release|x64.Build.0 = Release|Any CPU
		{AB8533D8-37FE-41CA-8B27-9EFE6562D2E5}.Release|x86.ActiveCfg = Release|Any CPU
		{AB8533D8-37FE-41CA-8B27-9EFE6562D2E5}.Release|x86.Build.0 = Release|Any CPU
		{A5DD7AEB-6610-4D20-B98A-DB0472BCBF94}.Debug|Any CPU.ActiveCfg = Debug|Any CPU
		{A5DD7AEB-6610-4D20-B98A-DB0472BCBF94}.Debug|Any CPU.Build.0 = Debug|Any CPU
		{A5DD7AEB-6610-4D20-B98A-DB0472BCBF94}.Debug|x64.ActiveCfg = Debug|Any CPU
		{A5DD7AEB-6610-4D20-B98A-DB0472BCBF94}.Debug|x64.Build.0 = Debug|Any CPU
		{A5DD7AEB-6610-4D20-B98A-DB0472BCBF94}.Debug|x86.ActiveCfg = Debug|Any CPU
		{A5DD7AEB-6610-4D20-B98A-DB0472BCBF94}.Debug|x86.Build.0 = Debug|Any CPU
		{A5DD7AEB-6610-4D20-B98A-DB0472BCBF94}.Release|Any CPU.ActiveCfg = Release|Any CPU
		{A5DD7AEB-6610-4D20-B98A-DB0472BCBF94}.Release|Any CPU.Build.0 = Release|Any CPU
		{A5DD7AEB-6610-4D20-B98A-DB0472BCBF94}.Release|x64.ActiveCfg = Release|Any CPU
		{A5DD7AEB-6610-4D20-B98A-DB0472BCBF94}.Release|x64.Build.0 = Release|Any CPU
		{A5DD7AEB-6610-4D20-B98A-DB0472BCBF94}.Release|x86.ActiveCfg = Release|Any CPU
		{A5DD7AEB-6610-4D20-B98A-DB0472BCBF94}.Release|x86.Build.0 = Release|Any CPU
		{E2FDF871-AA97-4F5A-98D5-35BAEAA27B71}.Debug|Any CPU.ActiveCfg = Debug|Any CPU
		{E2FDF871-AA97-4F5A-98D5-35BAEAA27B71}.Debug|Any CPU.Build.0 = Debug|Any CPU
		{E2FDF871-AA97-4F5A-98D5-35BAEAA27B71}.Debug|x64.ActiveCfg = Debug|Any CPU
		{E2FDF871-AA97-4F5A-98D5-35BAEAA27B71}.Debug|x64.Build.0 = Debug|Any CPU
		{E2FDF871-AA97-4F5A-98D5-35BAEAA27B71}.Debug|x86.ActiveCfg = Debug|Any CPU
		{E2FDF871-AA97-4F5A-98D5-35BAEAA27B71}.Debug|x86.Build.0 = Debug|Any CPU
		{E2FDF871-AA97-4F5A-98D5-35BAEAA27B71}.Release|Any CPU.ActiveCfg = Release|Any CPU
		{E2FDF871-AA97-4F5A-98D5-35BAEAA27B71}.Release|Any CPU.Build.0 = Release|Any CPU
		{E2FDF871-AA97-4F5A-98D5-35BAEAA27B71}.Release|x64.ActiveCfg = Release|Any CPU
		{E2FDF871-AA97-4F5A-98D5-35BAEAA27B71}.Release|x64.Build.0 = Release|Any CPU
		{E2FDF871-AA97-4F5A-98D5-35BAEAA27B71}.Release|x86.ActiveCfg = Release|Any CPU
		{E2FDF871-AA97-4F5A-98D5-35BAEAA27B71}.Release|x86.Build.0 = Release|Any CPU
	EndGlobalSection
	GlobalSection(SolutionProperties) = preSolution
		HideSolutionNode = FALSE
	EndGlobalSection
EndGlobal
